
Microsoft Visual Studio Solution File, Format Version 12.00
# Visual Studio Version 17
VisualStudioVersion = 17.2.32519.379
MinimumVisualStudioVersion = 10.0.40219.1
Project("{9A19103F-16F7-4668-BE54-9A1E7A4F7556}") = "DesarrolloSocialWeb", "DesarrolloSocialWeb\DesarrolloSocialWeb.csproj", "{5714FEC7-D364-4129-8D69-80D8EC5FA8B1}"
EndProject
Project("{9A19103F-16F7-4668-BE54-9A1E7A4F7556}") = "DesarrolloSocialNegocio", "DesarrolloSocialNegocio\DesarrolloSocialNegocio.csproj", "{37A411C1-ACBC-400B-863D-50284FC5C181}"
EndProject
Project("{9A19103F-16F7-4668-BE54-9A1E7A4F7556}") = "DesarrolloSocialModelo", "DesarrolloSocialModelo\DesarrolloSocialModelo.csproj", "{EACD39BD-4A10-463E-B7E7-7DAA0CC0D9F8}"
EndProject
Project("{2150E333-8FDC-42A3-9474-1A3956D46DE8}") = "Solution Items", "Solution Items", "{1B5F4A7A-2711-4669-9938-C51C7ABC41AC}"
	ProjectSection(SolutionItems) = preProject
		.editorconfig = .editorconfig
	EndProjectSection
EndProject
Global
	GlobalSection(SolutionConfigurationPlatforms) = preSolution
		Debug|Any CPU = Debug|Any CPU
		Release|Any CPU = Release|Any CPU
	EndGlobalSection
	GlobalSection(ProjectConfigurationPlatforms) = postSolution
		{5714FEC7-D364-4129-8D69-80D8EC5FA8B1}.Debug|Any CPU.ActiveCfg = Debug|Any CPU
		{5714FEC7-D364-4129-8D69-80D8EC5FA8B1}.Debug|Any CPU.Build.0 = Debug|Any CPU
		{5714FEC7-D364-4129-8D69-80D8EC5FA8B1}.Release|Any CPU.ActiveCfg = Release|Any CPU
		{5714FEC7-D364-4129-8D69-80D8EC5FA8B1}.Release|Any CPU.Build.0 = Release|Any CPU
		{37A411C1-ACBC-400B-863D-50284FC5C181}.Debug|Any CPU.ActiveCfg = Debug|Any CPU
		{37A411C1-ACBC-400B-863D-50284FC5C181}.Debug|Any CPU.Build.0 = Debug|Any CPU
		{37A411C1-ACBC-400B-863D-50284FC5C181}.Release|Any CPU.ActiveCfg = Release|Any CPU
		{37A411C1-ACBC-400B-863D-50284FC5C181}.Release|Any CPU.Build.0 = Release|Any CPU
		{EACD39BD-4A10-463E-B7E7-7DAA0CC0D9F8}.Debug|Any CPU.ActiveCfg = Debug|Any CPU
		{EACD39BD-4A10-463E-B7E7-7DAA0CC0D9F8}.Debug|Any CPU.Build.0 = Debug|Any CPU
		{EACD39BD-4A10-463E-B7E7-7DAA0CC0D9F8}.Release|Any CPU.ActiveCfg = Release|Any CPU
		{EACD39BD-4A10-463E-B7E7-7DAA0CC0D9F8}.Release|Any CPU.Build.0 = Release|Any CPU
	EndGlobalSection
	GlobalSection(SolutionProperties) = preSolution
		HideSolutionNode = FALSE
	EndGlobalSection
	GlobalSection(ExtensibilityGlobals) = postSolution
		SolutionGuid = {02D033CF-92B4-4521-9CB7-43FDCCA674EB}
	EndGlobalSection
EndGlobal
